{
  "name": "tui",
  "version": "0.0.1",
  "lockfileVersion": 3,
  "requires": true,
  "packages": {
    "": {
      "name": "tui",
      "version": "0.0.1",
      "dependencies": {
        "ttbjs": "^1.0.1"
      }
    },
    "node_modules/ttbjs": {
      "version": "1.0.1",
      "resolved": "https://registry.npmjs.org/ttbjs/-/ttbjs-1.0.1.tgz",
      "integrity": "sha512-NQtPn9dNM+JAhuduoqSMWCZKceQ6S3RyE30rH5uFKGVsJFzdnHajF8vH7rOtGmjUtEiCy+LcGl4mYwbFnnG1Sg=="
    }
  }
}
