{
  "name": "tui",
  "version": "0.0.1",
  "lockfileVersion": 3,
  "requires": true,
  "packages": {
    "": {
      "name": "tui",
      "version": "0.0.1",
      "dependencies": {
        "tjs": "file:../tjs"
      }
    },
    "../tjs": {
      "version": "0.0.1",
      "bin": {
        "tjs": "bin/index.js"
      }
    },
    "node_modules/tjs": {
      "resolved": "../tjs",
      "link": true
    }
  }
}
